// !$*UTF8*$!
{
	archiveVersion = 1;
	classes = {
	};
	objectVersion = 55;
	objects = {

/* Begin PBXBuildFile section */
		69D5ED8E101088E4B08BE6C9 /* Pods_uber_clone.framework in Frameworks */ = {isa = PBXBuildFile; fileRef = D82E612DEA4D59FB4CDEA3E7 /* Pods_uber_clone.framework */; };
		9C2CF73527694EDD00860D5D /* LoginController.swift in Sources */ = {isa = PBXBuildFile; fileRef = 9C2CF73427694EDD00860D5D /* LoginController.swift */; };
		9C2CF73727694EF000860D5D /* SignupController.swift in Sources */ = {isa = PBXBuildFile; fileRef = 9C2CF73627694EF000860D5D /* SignupController.swift */; };
		9C2CF73B276950C100860D5D /* Assets.xcassets in Resources */ = {isa = PBXBuildFile; fileRef = 9C2CF73A276950C100860D5D /* Assets.xcassets */; };
		9C2CF73D27695AD100860D5D /* AuthInputTextField.swift in Sources */ = {isa = PBXBuildFile; fileRef = 9C2CF73C27695AD100860D5D /* AuthInputTextField.swift */; };
		9C2CF73F2769A79900860D5D /* InputView.swift in Sources */ = {isa = PBXBuildFile; fileRef = 9C2CF73E2769A79900860D5D /* InputView.swift */; };
		9C2CF7422769ABE600860D5D /* Extension.swift in Sources */ = {isa = PBXBuildFile; fileRef = 9C2CF7412769ABE600860D5D /* Extension.swift */; };
		9C2CF744276A654700860D5D /* AuthButton.swift in Sources */ = {isa = PBXBuildFile; fileRef = 9C2CF743276A654700860D5D /* AuthButton.swift */; };
		9C2CF746276A675F00860D5D /* AuthService.swift in Sources */ = {isa = PBXBuildFile; fileRef = 9C2CF745276A675F00860D5D /* AuthService.swift */; };
		9C2CF748276A67D500860D5D /* GoogleService-Info.plist in Resources */ = {isa = PBXBuildFile; fileRef = 9C2CF747276A67D500860D5D /* GoogleService-Info.plist */; };
		9C4431F327694BDC006EA7BA /* AppDelegate.swift in Sources */ = {isa = PBXBuildFile; fileRef = 9C4431F227694BDC006EA7BA /* AppDelegate.swift */; };
		9C4431F527694BDC006EA7BA /* SceneDelegate.swift in Sources */ = {isa = PBXBuildFile; fileRef = 9C4431F427694BDC006EA7BA /* SceneDelegate.swift */; };
		9C4431FA27694BDC006EA7BA /* Main.storyboard in Resources */ = {isa = PBXBuildFile; fileRef = 9C4431F827694BDC006EA7BA /* Main.storyboard */; };
		9C4431FD27694BDC006EA7BA /* uber_clone.xcdatamodeld in Sources */ = {isa = PBXBuildFile; fileRef = 9C4431FB27694BDC006EA7BA /* uber_clone.xcdatamodeld */; };
		9C44320227694BDE006EA7BA /* LaunchScreen.storyboard in Resources */ = {isa = PBXBuildFile; fileRef = 9C44320027694BDE006EA7BA /* LaunchScreen.storyboard */; };
		9C44320D27694BDE006EA7BA /* uber_cloneTests.swift in Sources */ = {isa = PBXBuildFile; fileRef = 9C44320C27694BDE006EA7BA /* uber_cloneTests.swift */; };
		9C44321727694BDE006EA7BA /* uber_cloneUITests.swift in Sources */ = {isa = PBXBuildFile; fileRef = 9C44321627694BDE006EA7BA /* uber_cloneUITests.swift */; };
		9C44321927694BDE006EA7BA /* uber_cloneUITestsLaunchTests.swift in Sources */ = {isa = PBXBuildFile; fileRef = 9C44321827694BDE006EA7BA /* uber_cloneUITestsLaunchTests.swift */; };
		9C5AC972276E7DDD00B30380 /* LocationInputView.swift in Sources */ = {isa = PBXBuildFile; fileRef = 9C5AC971276E7DDD00B30380 /* LocationInputView.swift */; };
		9C5AC975276E910A00B30380 /* LocationInputTextField.swift in Sources */ = {isa = PBXBuildFile; fileRef = 9C5AC974276E910A00B30380 /* LocationInputTextField.swift */; };
		9CBC2C45276A79E2000514A3 /* User.swift in Sources */ = {isa = PBXBuildFile; fileRef = 9CBC2C44276A79E2000514A3 /* User.swift */; };
		9CBC2C47276AAA68000514A3 /* HomeController.swift in Sources */ = {isa = PBXBuildFile; fileRef = 9CBC2C46276AAA68000514A3 /* HomeController.swift */; };
		9CC6A0DE276D572000A5FE90 /* LocationInputActivationView.swift in Sources */ = {isa = PBXBuildFile; fileRef = 9CC6A0DD276D572000A5FE90 /* LocationInputActivationView.swift */; };
		C6BDD2CA6E62251873530EB0 /* Pods_uber_cloneTests.framework in Frameworks */ = {isa = PBXBuildFile; fileRef = DB32C8873EE8FA7F472EB202 /* Pods_uber_cloneTests.framework */; };
		D4EE52DDC8939B281651815B /* Pods_uber_clone_uber_cloneUITests.framework in Frameworks */ = {isa = PBXBuildFile; fileRef = 70CA921B351224BAF6374781 /* Pods_uber_clone_uber_cloneUITests.framework */; };
/* End PBXBuildFile section */

/* Begin PBXContainerItemProxy section */
		9C44320927694BDE006EA7BA /* PBXContainerItemProxy */ = {
			isa = PBXContainerItemProxy;
			containerPortal = 9C4431E727694BDC006EA7BA /* Project object */;
			proxyType = 1;
			remoteGlobalIDString = 9C4431EE27694BDC006EA7BA;
			remoteInfo = "uber-clone";
		};
		9C44321327694BDE006EA7BA /* PBXContainerItemProxy */ = {
			isa = PBXContainerItemProxy;
			containerPortal = 9C4431E727694BDC006EA7BA /* Project object */;
			proxyType = 1;
			remoteGlobalIDString = 9C4431EE27694BDC006EA7BA;
			remoteInfo = "uber-clone";
		};
/* End PBXContainerItemProxy section */

/* Begin PBXFileReference section */
		351A0AB3A2646D8B7409B309 /* Pods-uber-clone-uber-cloneUITests.release.xcconfig */ = {isa = PBXFileReference; includeInIndex = 1; lastKnownFileType = text.xcconfig; name = "Pods-uber-clone-uber-cloneUITests.release.xcconfig"; path = "Target Support Files/Pods-uber-clone-uber-cloneUITests/Pods-uber-clone-uber-cloneUITests.release.xcconfig"; sourceTree = "<group>"; };
		70CA921B351224BAF6374781 /* Pods_uber_clone_uber_cloneUITests.framework */ = {isa = PBXFileReference; explicitFileType = wrapper.framework; includeInIndex = 0; path = Pods_uber_clone_uber_cloneUITests.framework; sourceTree = BUILT_PRODUCTS_DIR; };
		7451C2B825EEAC63EBDFD7E2 /* Pods-uber-cloneTests.release.xcconfig */ = {isa = PBXFileReference; includeInIndex = 1; lastKnownFileType = text.xcconfig; name = "Pods-uber-cloneTests.release.xcconfig"; path = "Target Support Files/Pods-uber-cloneTests/Pods-uber-cloneTests.release.xcconfig"; sourceTree = "<group>"; };
		9C2CF73427694EDD00860D5D /* LoginController.swift */ = {isa = PBXFileReference; lastKnownFileType = sourcecode.swift; path = LoginController.swift; sourceTree = "<group>"; };
		9C2CF73627694EF000860D5D /* SignupController.swift */ = {isa = PBXFileReference; lastKnownFileType = sourcecode.swift; path = SignupController.swift; sourceTree = "<group>"; };
		9C2CF73A276950C100860D5D /* Assets.xcassets */ = {isa = PBXFileReference; lastKnownFileType = folder.assetcatalog; path = Assets.xcassets; sourceTree = "<group>"; };
		9C2CF73C27695AD100860D5D /* AuthInputTextField.swift */ = {isa = PBXFileReference; lastKnownFileType = sourcecode.swift; path = AuthInputTextField.swift; sourceTree = "<group>"; };
		9C2CF73E2769A79900860D5D /* InputView.swift */ = {isa = PBXFileReference; lastKnownFileType = sourcecode.swift; path = InputView.swift; sourceTree = "<group>"; };
		9C2CF7412769ABE600860D5D /* Extension.swift */ = {isa = PBXFileReference; lastKnownFileType = sourcecode.swift; path = Extension.swift; sourceTree = "<group>"; };
		9C2CF743276A654700860D5D /* AuthButton.swift */ = {isa = PBXFileReference; lastKnownFileType = sourcecode.swift; path = AuthButton.swift; sourceTree = "<group>"; };
		9C2CF745276A675F00860D5D /* AuthService.swift */ = {isa = PBXFileReference; lastKnownFileType = sourcecode.swift; path = AuthService.swift; sourceTree = "<group>"; };
		9C2CF747276A67D500860D5D /* GoogleService-Info.plist */ = {isa = PBXFileReference; fileEncoding = 4; lastKnownFileType = text.plist.xml; path = "GoogleService-Info.plist"; sourceTree = "<group>"; };
		9C4431EF27694BDC006EA7BA /* uber-clone.app */ = {isa = PBXFileReference; explicitFileType = wrapper.application; includeInIndex = 0; path = "uber-clone.app"; sourceTree = BUILT_PRODUCTS_DIR; };
		9C4431F227694BDC006EA7BA /* AppDelegate.swift */ = {isa = PBXFileReference; lastKnownFileType = sourcecode.swift; path = AppDelegate.swift; sourceTree = "<group>"; };
		9C4431F427694BDC006EA7BA /* SceneDelegate.swift */ = {isa = PBXFileReference; lastKnownFileType = sourcecode.swift; path = SceneDelegate.swift; sourceTree = "<group>"; };
		9C4431F927694BDC006EA7BA /* Base */ = {isa = PBXFileReference; lastKnownFileType = file.storyboard; name = Base; path = Base.lproj/Main.storyboard; sourceTree = "<group>"; };
		9C4431FC27694BDC006EA7BA /* uber_clone.xcdatamodel */ = {isa = PBXFileReference; lastKnownFileType = wrapper.xcdatamodel; path = uber_clone.xcdatamodel; sourceTree = "<group>"; };
		9C44320127694BDE006EA7BA /* Base */ = {isa = PBXFileReference; lastKnownFileType = file.storyboard; name = Base; path = Base.lproj/LaunchScreen.storyboard; sourceTree = "<group>"; };
		9C44320327694BDE006EA7BA /* Info.plist */ = {isa = PBXFileReference; lastKnownFileType = text.plist.xml; path = Info.plist; sourceTree = "<group>"; };
		9C44320827694BDE006EA7BA /* uber-cloneTests.xctest */ = {isa = PBXFileReference; explicitFileType = wrapper.cfbundle; includeInIndex = 0; path = "uber-cloneTests.xctest"; sourceTree = BUILT_PRODUCTS_DIR; };
		9C44320C27694BDE006EA7BA /* uber_cloneTests.swift */ = {isa = PBXFileReference; lastKnownFileType = sourcecode.swift; path = uber_cloneTests.swift; sourceTree = "<group>"; };
		9C44321227694BDE006EA7BA /* uber-cloneUITests.xctest */ = {isa = PBXFileReference; explicitFileType = wrapper.cfbundle; includeInIndex = 0; path = "uber-cloneUITests.xctest"; sourceTree = BUILT_PRODUCTS_DIR; };
		9C44321627694BDE006EA7BA /* uber_cloneUITests.swift */ = {isa = PBXFileReference; lastKnownFileType = sourcecode.swift; path = uber_cloneUITests.swift; sourceTree = "<group>"; };
		9C44321827694BDE006EA7BA /* uber_cloneUITestsLaunchTests.swift */ = {isa = PBXFileReference; lastKnownFileType = sourcecode.swift; path = uber_cloneUITestsLaunchTests.swift; sourceTree = "<group>"; };
		9C5AC971276E7DDD00B30380 /* LocationInputView.swift */ = {isa = PBXFileReference; lastKnownFileType = sourcecode.swift; path = LocationInputView.swift; sourceTree = "<group>"; };
		9C5AC974276E910A00B30380 /* LocationInputTextField.swift */ = {isa = PBXFileReference; lastKnownFileType = sourcecode.swift; path = LocationInputTextField.swift; sourceTree = "<group>"; };
		9CBC2C44276A79E2000514A3 /* User.swift */ = {isa = PBXFileReference; lastKnownFileType = sourcecode.swift; path = User.swift; sourceTree = "<group>"; };
		9CBC2C46276AAA68000514A3 /* HomeController.swift */ = {isa = PBXFileReference; lastKnownFileType = sourcecode.swift; path = HomeController.swift; sourceTree = "<group>"; };
		9CC6A0DD276D572000A5FE90 /* LocationInputActivationView.swift */ = {isa = PBXFileReference; lastKnownFileType = sourcecode.swift; path = LocationInputActivationView.swift; sourceTree = "<group>"; };
		CA02BD5E0B2E3F5A57A15385 /* Pods-uber-clone.release.xcconfig */ = {isa = PBXFileReference; includeInIndex = 1; lastKnownFileType = text.xcconfig; name = "Pods-uber-clone.release.xcconfig"; path = "Target Support Files/Pods-uber-clone/Pods-uber-clone.release.xcconfig"; sourceTree = "<group>"; };
		D82E612DEA4D59FB4CDEA3E7 /* Pods_uber_clone.framework */ = {isa = PBXFileReference; explicitFileType = wrapper.framework; includeInIndex = 0; path = Pods_uber_clone.framework; sourceTree = BUILT_PRODUCTS_DIR; };
		DAB17A2D74ECF1CA9902542E /* Pods-uber-cloneTests.debug.xcconfig */ = {isa = PBXFileReference; includeInIndex = 1; lastKnownFileType = text.xcconfig; name = "Pods-uber-cloneTests.debug.xcconfig"; path = "Target Support Files/Pods-uber-cloneTests/Pods-uber-cloneTests.debug.xcconfig"; sourceTree = "<group>"; };
		DB32C8873EE8FA7F472EB202 /* Pods_uber_cloneTests.framework */ = {isa = PBXFileReference; explicitFileType = wrapper.framework; includeInIndex = 0; path = Pods_uber_cloneTests.framework; sourceTree = BUILT_PRODUCTS_DIR; };
		E48B081122C8C89873E3A3A5 /* Pods-uber-clone.debug.xcconfig */ = {isa = PBXFileReference; includeInIndex = 1; lastKnownFileType = text.xcconfig; name = "Pods-uber-clone.debug.xcconfig"; path = "Target Support Files/Pods-uber-clone/Pods-uber-clone.debug.xcconfig"; sourceTree = "<group>"; };
		EF62FCD3F9BAF9DEBD7B9EB9 /* Pods-uber-clone-uber-cloneUITests.debug.xcconfig */ = {isa = PBXFileReference; includeInIndex = 1; lastKnownFileType = text.xcconfig; name = "Pods-uber-clone-uber-cloneUITests.debug.xcconfig"; path = "Target Support Files/Pods-uber-clone-uber-cloneUITests/Pods-uber-clone-uber-cloneUITests.debug.xcconfig"; sourceTree = "<group>"; };
/* End PBXFileReference section */

/* Begin PBXFrameworksBuildPhase section */
		9C4431EC27694BDC006EA7BA /* Frameworks */ = {
			isa = PBXFrameworksBuildPhase;
			buildActionMask = 2147483647;
			files = (
				69D5ED8E101088E4B08BE6C9 /* Pods_uber_clone.framework in Frameworks */,
			);
			runOnlyForDeploymentPostprocessing = 0;
		};
		9C44320527694BDE006EA7BA /* Frameworks */ = {
			isa = PBXFrameworksBuildPhase;
			buildActionMask = 2147483647;
			files = (
				C6BDD2CA6E62251873530EB0 /* Pods_uber_cloneTests.framework in Frameworks */,
			);
			runOnlyForDeploymentPostprocessing = 0;
		};
		9C44320F27694BDE006EA7BA /* Frameworks */ = {
			isa = PBXFrameworksBuildPhase;
			buildActionMask = 2147483647;
			files = (
				D4EE52DDC8939B281651815B /* Pods_uber_clone_uber_cloneUITests.framework in Frameworks */,
			);
			runOnlyForDeploymentPostprocessing = 0;
		};
/* End PBXFrameworksBuildPhase section */

/* Begin PBXGroup section */
		587ED0EE42DD8E107BB16214 /* Frameworks */ = {
			isa = PBXGroup;
			children = (
				D82E612DEA4D59FB4CDEA3E7 /* Pods_uber_clone.framework */,
				70CA921B351224BAF6374781 /* Pods_uber_clone_uber_cloneUITests.framework */,
				DB32C8873EE8FA7F472EB202 /* Pods_uber_cloneTests.framework */,
			);
			name = Frameworks;
			sourceTree = "<group>";
		};
		6FB07B6D3E398446DD42BAB3 /* Pods */ = {
			isa = PBXGroup;
			children = (
				E48B081122C8C89873E3A3A5 /* Pods-uber-clone.debug.xcconfig */,
				CA02BD5E0B2E3F5A57A15385 /* Pods-uber-clone.release.xcconfig */,
				EF62FCD3F9BAF9DEBD7B9EB9 /* Pods-uber-clone-uber-cloneUITests.debug.xcconfig */,
				351A0AB3A2646D8B7409B309 /* Pods-uber-clone-uber-cloneUITests.release.xcconfig */,
				DAB17A2D74ECF1CA9902542E /* Pods-uber-cloneTests.debug.xcconfig */,
				7451C2B825EEAC63EBDFD7E2 /* Pods-uber-cloneTests.release.xcconfig */,
			);
			path = Pods;
			sourceTree = "<group>";
		};
		9C2CF72B27694E3400860D5D /* Controller */ = {
			isa = PBXGroup;
			children = (
				9C2CF73327694ECD00860D5D /* Auth */,
				9CBC2C46276AAA68000514A3 /* HomeController.swift */,
			);
			path = Controller;
			sourceTree = "<group>";
		};
		9C2CF72C27694E3A00860D5D /* View */ = {
			isa = PBXGroup;
			children = (
				9C5AC976276E921600B30380 /* Buttons */,
				9C5AC973276E90E300B30380 /* TextFields */,
				9C2CF73E2769A79900860D5D /* InputView.swift */,
				9CC6A0DD276D572000A5FE90 /* LocationInputActivationView.swift */,
				9C5AC971276E7DDD00B30380 /* LocationInputView.swift */,
			);
			path = View;
			sourceTree = "<group>";
		};
		9C2CF72D27694E4500860D5D /* ViewModel */ = {
			isa = PBXGroup;
			children = (
			);
			path = ViewModel;
			sourceTree = "<group>";
		};
		9C2CF72E27694E4D00860D5D /* Model */ = {
			isa = PBXGroup;
			children = (
				9CBC2C44276A79E2000514A3 /* User.swift */,
			);
			path = Model;
			sourceTree = "<group>";
		};
		9C2CF72F27694E5200860D5D /* Provider */ = {
			isa = PBXGroup;
			children = (
				9C2CF745276A675F00860D5D /* AuthService.swift */,
			);
			path = Provider;
			sourceTree = "<group>";
		};
		9C2CF73027694E5A00860D5D /* Util */ = {
			isa = PBXGroup;
			children = (
			);
			path = Util;
			sourceTree = "<group>";
		};
		9C2CF73327694ECD00860D5D /* Auth */ = {
			isa = PBXGroup;
			children = (
				9C2CF73427694EDD00860D5D /* LoginController.swift */,
				9C2CF73627694EF000860D5D /* SignupController.swift */,
			);
			path = Auth;
			sourceTree = "<group>";
		};
		9C2CF7402769A79E00860D5D /* Extensions */ = {
			isa = PBXGroup;
			children = (
				9C2CF7412769ABE600860D5D /* Extension.swift */,
			);
			path = Extensions;
			sourceTree = "<group>";
		};
		9C4431E627694BDC006EA7BA = {
			isa = PBXGroup;
			children = (
				9C4431F127694BDC006EA7BA /* uber-clone */,
				9C44320B27694BDE006EA7BA /* uber-cloneTests */,
				9C44321527694BDE006EA7BA /* uber-cloneUITests */,
				9C4431F027694BDC006EA7BA /* Products */,
				6FB07B6D3E398446DD42BAB3 /* Pods */,
				587ED0EE42DD8E107BB16214 /* Frameworks */,
			);
			sourceTree = "<group>";
		};
		9C4431F027694BDC006EA7BA /* Products */ = {
			isa = PBXGroup;
			children = (
				9C4431EF27694BDC006EA7BA /* uber-clone.app */,
				9C44320827694BDE006EA7BA /* uber-cloneTests.xctest */,
				9C44321227694BDE006EA7BA /* uber-cloneUITests.xctest */,
			);
			name = Products;
			sourceTree = "<group>";
		};
		9C4431F127694BDC006EA7BA /* uber-clone */ = {
			isa = PBXGroup;
			children = (
				9C2CF72E27694E4D00860D5D /* Model */,
				9C2CF72D27694E4500860D5D /* ViewModel */,
				9C2CF72C27694E3A00860D5D /* View */,
				9C2CF72B27694E3400860D5D /* Controller */,
				9C2CF72F27694E5200860D5D /* Provider */,
				9C2CF73027694E5A00860D5D /* Util */,
				9C2CF7402769A79E00860D5D /* Extensions */,
				9C4431F227694BDC006EA7BA /* AppDelegate.swift */,
				9C4431F427694BDC006EA7BA /* SceneDelegate.swift */,
				9C4431F827694BDC006EA7BA /* Main.storyboard */,
				9C2CF747276A67D500860D5D /* GoogleService-Info.plist */,
				9C2CF73A276950C100860D5D /* Assets.xcassets */,
				9C44320027694BDE006EA7BA /* LaunchScreen.storyboard */,
				9C44320327694BDE006EA7BA /* Info.plist */,
				9C4431FB27694BDC006EA7BA /* uber_clone.xcdatamodeld */,
			);
			path = "uber-clone";
			sourceTree = "<group>";
		};
		9C44320B27694BDE006EA7BA /* uber-cloneTests */ = {
			isa = PBXGroup;
			children = (
				9C44320C27694BDE006EA7BA /* uber_cloneTests.swift */,
			);
			path = "uber-cloneTests";
			sourceTree = "<group>";
		};
		9C44321527694BDE006EA7BA /* uber-cloneUITests */ = {
			isa = PBXGroup;
			children = (
				9C44321627694BDE006EA7BA /* uber_cloneUITests.swift */,
				9C44321827694BDE006EA7BA /* uber_cloneUITestsLaunchTests.swift */,
			);
			path = "uber-cloneUITests";
			sourceTree = "<group>";
		};
		9C5AC973276E90E300B30380 /* TextFields */ = {
			isa = PBXGroup;
			children = (
				9C2CF73C27695AD100860D5D /* AuthInputTextField.swift */,
				9C5AC974276E910A00B30380 /* LocationInputTextField.swift */,
			);
			path = TextFields;
			sourceTree = "<group>";
		};
		9C5AC976276E921600B30380 /* Buttons */ = {
			isa = PBXGroup;
			children = (
				9C2CF743276A654700860D5D /* AuthButton.swift */,
			);
			path = Buttons;
			sourceTree = "<group>";
		};
/* End PBXGroup section */

/* Begin PBXNativeTarget section */
		9C4431EE27694BDC006EA7BA /* uber-clone */ = {
			isa = PBXNativeTarget;
			buildConfigurationList = 9C44321C27694BDE006EA7BA /* Build configuration list for PBXNativeTarget "uber-clone" */;
			buildPhases = (
				F822052437E4152E011FE611 /* [CP] Check Pods Manifest.lock */,
				9C4431EB27694BDC006EA7BA /* Sources */,
				9C4431EC27694BDC006EA7BA /* Frameworks */,
				9C4431ED27694BDC006EA7BA /* Resources */,
				A732BD76180ACAA7769E9F05 /* [CP] Embed Pods Frameworks */,
			);
			buildRules = (
			);
			dependencies = (
			);
			name = "uber-clone";
			productName = "uber-clone";
			productReference = 9C4431EF27694BDC006EA7BA /* uber-clone.app */;
			productType = "com.apple.product-type.application";
		};
		9C44320727694BDE006EA7BA /* uber-cloneTests */ = {
			isa = PBXNativeTarget;
			buildConfigurationList = 9C44321F27694BDE006EA7BA /* Build configuration list for PBXNativeTarget "uber-cloneTests" */;
			buildPhases = (
				DF063865844ED19ADE72ADF4 /* [CP] Check Pods Manifest.lock */,
				9C44320427694BDE006EA7BA /* Sources */,
				9C44320527694BDE006EA7BA /* Frameworks */,
				9C44320627694BDE006EA7BA /* Resources */,
			);
			buildRules = (
			);
			dependencies = (
				9C44320A27694BDE006EA7BA /* PBXTargetDependency */,
			);
			name = "uber-cloneTests";
			productName = "uber-cloneTests";
			productReference = 9C44320827694BDE006EA7BA /* uber-cloneTests.xctest */;
			productType = "com.apple.product-type.bundle.unit-test";
		};
		9C44321127694BDE006EA7BA /* uber-cloneUITests */ = {
			isa = PBXNativeTarget;
			buildConfigurationList = 9C44322227694BDE006EA7BA /* Build configuration list for PBXNativeTarget "uber-cloneUITests" */;
			buildPhases = (
				85984669D047CE00F494BB58 /* [CP] Check Pods Manifest.lock */,
				9C44320E27694BDE006EA7BA /* Sources */,
				9C44320F27694BDE006EA7BA /* Frameworks */,
				9C44321027694BDE006EA7BA /* Resources */,
				317AC1598614F6756E802C74 /* [CP] Embed Pods Frameworks */,
			);
			buildRules = (
			);
			dependencies = (
				9C44321427694BDE006EA7BA /* PBXTargetDependency */,
			);
			name = "uber-cloneUITests";
			productName = "uber-cloneUITests";
			productReference = 9C44321227694BDE006EA7BA /* uber-cloneUITests.xctest */;
			productType = "com.apple.product-type.bundle.ui-testing";
		};
/* End PBXNativeTarget section */

/* Begin PBXProject section */
		9C4431E727694BDC006EA7BA /* Project object */ = {
			isa = PBXProject;
			attributes = {
				BuildIndependentTargetsInParallel = 1;
				LastSwiftUpdateCheck = 1310;
				LastUpgradeCheck = 1310;
				TargetAttributes = {
					9C4431EE27694BDC006EA7BA = {
						CreatedOnToolsVersion = 13.1;
					};
					9C44320727694BDE006EA7BA = {
						CreatedOnToolsVersion = 13.1;
						TestTargetID = 9C4431EE27694BDC006EA7BA;
					};
					9C44321127694BDE006EA7BA = {
						CreatedOnToolsVersion = 13.1;
						TestTargetID = 9C4431EE27694BDC006EA7BA;
					};
				};
			};
			buildConfigurationList = 9C4431EA27694BDC006EA7BA /* Build configuration list for PBXProject "uber-clone" */;
			compatibilityVersion = "Xcode 13.0";
			developmentRegion = en;
			hasScannedForEncodings = 0;
			knownRegions = (
				en,
				Base,
			);
			mainGroup = 9C4431E627694BDC006EA7BA;
			productRefGroup = 9C4431F027694BDC006EA7BA /* Products */;
			projectDirPath = "";
			projectRoot = "";
			targets = (
				9C4431EE27694BDC006EA7BA /* uber-clone */,
				9C44320727694BDE006EA7BA /* uber-cloneTests */,
				9C44321127694BDE006EA7BA /* uber-cloneUITests */,
			);
		};
/* End PBXProject section */

/* Begin PBXResourcesBuildPhase section */
		9C4431ED27694BDC006EA7BA /* Resources */ = {
			isa = PBXResourcesBuildPhase;
			buildActionMask = 2147483647;
			files = (
				9C44320227694BDE006EA7BA /* LaunchScreen.storyboard in Resources */,
				9C2CF73B276950C100860D5D /* Assets.xcassets in Resources */,
				9C2CF748276A67D500860D5D /* GoogleService-Info.plist in Resources */,
				9C4431FA27694BDC006EA7BA /* Main.storyboard in Resources */,
			);
			runOnlyForDeploymentPostprocessing = 0;
		};
		9C44320627694BDE006EA7BA /* Resources */ = {
			isa = PBXResourcesBuildPhase;
			buildActionMask = 2147483647;
			files = (
			);
			runOnlyForDeploymentPostprocessing = 0;
		};
		9C44321027694BDE006EA7BA /* Resources */ = {
			isa = PBXResourcesBuildPhase;
			buildActionMask = 2147483647;
			files = (
			);
			runOnlyForDeploymentPostprocessing = 0;
		};
/* End PBXResourcesBuildPhase section */

/* Begin PBXShellScriptBuildPhase section */
		317AC1598614F6756E802C74 /* [CP] Embed Pods Frameworks */ = {
			isa = PBXShellScriptBuildPhase;
			buildActionMask = 2147483647;
			files = (
			);
			inputFileListPaths = (
				"${PODS_ROOT}/Target Support Files/Pods-uber-clone-uber-cloneUITests/Pods-uber-clone-uber-cloneUITests-frameworks-${CONFIGURATION}-input-files.xcfilelist",
			);
			name = "[CP] Embed Pods Frameworks";
			outputFileListPaths = (
				"${PODS_ROOT}/Target Support Files/Pods-uber-clone-uber-cloneUITests/Pods-uber-clone-uber-cloneUITests-frameworks-${CONFIGURATION}-output-files.xcfilelist",
			);
			runOnlyForDeploymentPostprocessing = 0;
			shellPath = /bin/sh;
			shellScript = "\"${PODS_ROOT}/Target Support Files/Pods-uber-clone-uber-cloneUITests/Pods-uber-clone-uber-cloneUITests-frameworks.sh\"\n";
			showEnvVarsInLog = 0;
		};
		85984669D047CE00F494BB58 /* [CP] Check Pods Manifest.lock */ = {
			isa = PBXShellScriptBuildPhase;
			buildActionMask = 2147483647;
			files = (
			);
			inputFileListPaths = (
			);
			inputPaths = (
				"${PODS_PODFILE_DIR_PATH}/Podfile.lock",
				"${PODS_ROOT}/Manifest.lock",
			);
			name = "[CP] Check Pods Manifest.lock";
			outputFileListPaths = (
			);
			outputPaths = (
				"$(DERIVED_FILE_DIR)/Pods-uber-clone-uber-cloneUITests-checkManifestLockResult.txt",
			);
			runOnlyForDeploymentPostprocessing = 0;
			shellPath = /bin/sh;
			shellScript = "diff \"${PODS_PODFILE_DIR_PATH}/Podfile.lock\" \"${PODS_ROOT}/Manifest.lock\" > /dev/null\nif [ $? != 0 ] ; then\n    # print error to STDERR\n    echo \"error: The sandbox is not in sync with the Podfile.lock. Run 'pod install' or update your CocoaPods installation.\" >&2\n    exit 1\nfi\n# This output is used by Xcode 'outputs' to avoid re-running this script phase.\necho \"SUCCESS\" > \"${SCRIPT_OUTPUT_FILE_0}\"\n";
			showEnvVarsInLog = 0;
		};
		A732BD76180ACAA7769E9F05 /* [CP] Embed Pods Frameworks */ = {
			isa = PBXShellScriptBuildPhase;
			buildActionMask = 2147483647;
			files = (
			);
			inputFileListPaths = (
				"${PODS_ROOT}/Target Support Files/Pods-uber-clone/Pods-uber-clone-frameworks-${CONFIGURATION}-input-files.xcfilelist",
			);
			name = "[CP] Embed Pods Frameworks";
			outputFileListPaths = (
				"${PODS_ROOT}/Target Support Files/Pods-uber-clone/Pods-uber-clone-frameworks-${CONFIGURATION}-output-files.xcfilelist",
			);
			runOnlyForDeploymentPostprocessing = 0;
			shellPath = /bin/sh;
			shellScript = "\"${PODS_ROOT}/Target Support Files/Pods-uber-clone/Pods-uber-clone-frameworks.sh\"\n";
			showEnvVarsInLog = 0;
		};
		DF063865844ED19ADE72ADF4 /* [CP] Check Pods Manifest.lock */ = {
			isa = PBXShellScriptBuildPhase;
			buildActionMask = 2147483647;
			files = (
			);
			inputFileListPaths = (
			);
			inputPaths = (
				"${PODS_PODFILE_DIR_PATH}/Podfile.lock",
				"${PODS_ROOT}/Manifest.lock",
			);
			name = "[CP] Check Pods Manifest.lock";
			outputFileListPaths = (
			);
			outputPaths = (
				"$(DERIVED_FILE_DIR)/Pods-uber-cloneTests-checkManifestLockResult.txt",
			);
			runOnlyForDeploymentPostprocessing = 0;
			shellPath = /bin/sh;
			shellScript = "diff \"${PODS_PODFILE_DIR_PATH}/Podfile.lock\" \"${PODS_ROOT}/Manifest.lock\" > /dev/null\nif [ $? != 0 ] ; then\n    # print error to STDERR\n    echo \"error: The sandbox is not in sync with the Podfile.lock. Run 'pod install' or update your CocoaPods installation.\" >&2\n    exit 1\nfi\n# This output is used by Xcode 'outputs' to avoid re-running this script phase.\necho \"SUCCESS\" > \"${SCRIPT_OUTPUT_FILE_0}\"\n";
			showEnvVarsInLog = 0;
		};
		F822052437E4152E011FE611 /* [CP] Check Pods Manifest.lock */ = {
			isa = PBXShellScriptBuildPhase;
			buildActionMask = 2147483647;
			files = (
			);
			inputFileListPaths = (
			);
			inputPaths = (
				"${PODS_PODFILE_DIR_PATH}/Podfile.lock",
				"${PODS_ROOT}/Manifest.lock",
			);
			name = "[CP] Check Pods Manifest.lock";
			outputFileListPaths = (
			);
			outputPaths = (
				"$(DERIVED_FILE_DIR)/Pods-uber-clone-checkManifestLockResult.txt",
			);
			runOnlyForDeploymentPostprocessing = 0;
			shellPath = /bin/sh;
			shellScript = "diff \"${PODS_PODFILE_DIR_PATH}/Podfile.lock\" \"${PODS_ROOT}/Manifest.lock\" > /dev/null\nif [ $? != 0 ] ; then\n    # print error to STDERR\n    echo \"error: The sandbox is not in sync with the Podfile.lock. Run 'pod install' or update your CocoaPods installation.\" >&2\n    exit 1\nfi\n# This output is used by Xcode 'outputs' to avoid re-running this script phase.\necho \"SUCCESS\" > \"${SCRIPT_OUTPUT_FILE_0}\"\n";
			showEnvVarsInLog = 0;
		};
/* End PBXShellScriptBuildPhase section */

/* Begin PBXSourcesBuildPhase section */
		9C4431EB27694BDC006EA7BA /* Sources */ = {
			isa = PBXSourcesBuildPhase;
			buildActionMask = 2147483647;
			files = (
				9CBC2C45276A79E2000514A3 /* User.swift in Sources */,
				9CC6A0DE276D572000A5FE90 /* LocationInputActivationView.swift in Sources */,
				9C4431FD27694BDC006EA7BA /* uber_clone.xcdatamodeld in Sources */,
				9C2CF7422769ABE600860D5D /* Extension.swift in Sources */,
				9C4431F327694BDC006EA7BA /* AppDelegate.swift in Sources */,
				9C4431F527694BDC006EA7BA /* SceneDelegate.swift in Sources */,
				9C2CF744276A654700860D5D /* AuthButton.swift in Sources */,
				9CBC2C47276AAA68000514A3 /* HomeController.swift in Sources */,
				9C5AC972276E7DDD00B30380 /* LocationInputView.swift in Sources */,
				9C2CF746276A675F00860D5D /* AuthService.swift in Sources */,
				9C5AC975276E910A00B30380 /* LocationInputTextField.swift in Sources */,
				9C2CF73727694EF000860D5D /* SignupController.swift in Sources */,
				9C2CF73527694EDD00860D5D /* LoginController.swift in Sources */,
				9C2CF73F2769A79900860D5D /* InputView.swift in Sources */,
				9C2CF73D27695AD100860D5D /* AuthInputTextField.swift in Sources */,
			);
			runOnlyForDeploymentPostprocessing = 0;
		};
		9C44320427694BDE006EA7BA /* Sources */ = {
			isa = PBXSourcesBuildPhase;
			buildActionMask = 2147483647;
			files = (
				9C44320D27694BDE006EA7BA /* uber_cloneTests.swift in Sources */,
			);
			runOnlyForDeploymentPostprocessing = 0;
		};
		9C44320E27694BDE006EA7BA /* Sources */ = {
			isa = PBXSourcesBuildPhase;
			buildActionMask = 2147483647;
			files = (
				9C44321927694BDE006EA7BA /* uber_cloneUITestsLaunchTests.swift in Sources */,
				9C44321727694BDE006EA7BA /* uber_cloneUITests.swift in Sources */,
			);
			runOnlyForDeploymentPostprocessing = 0;
		};
/* End PBXSourcesBuildPhase section */

/* Begin PBXTargetDependency section */
		9C44320A27694BDE006EA7BA /* PBXTargetDependency */ = {
			isa = PBXTargetDependency;
			target = 9C4431EE27694BDC006EA7BA /* uber-clone */;
			targetProxy = 9C44320927694BDE006EA7BA /* PBXContainerItemProxy */;
		};
		9C44321427694BDE006EA7BA /* PBXTargetDependency */ = {
			isa = PBXTargetDependency;
			target = 9C4431EE27694BDC006EA7BA /* uber-clone */;
			targetProxy = 9C44321327694BDE006EA7BA /* PBXContainerItemProxy */;
		};
/* End PBXTargetDependency section */

/* Begin PBXVariantGroup section */
		9C4431F827694BDC006EA7BA /* Main.storyboard */ = {
			isa = PBXVariantGroup;
			children = (
				9C4431F927694BDC006EA7BA /* Base */,
			);
			name = Main.storyboard;
			sourceTree = "<group>";
		};
		9C44320027694BDE006EA7BA /* LaunchScreen.storyboard */ = {
			isa = PBXVariantGroup;
			children = (
				9C44320127694BDE006EA7BA /* Base */,
			);
			name = LaunchScreen.storyboard;
			sourceTree = "<group>";
		};
/* End PBXVariantGroup section */

/* Begin XCBuildConfiguration section */
		9C44321A27694BDE006EA7BA /* Debug */ = {
			isa = XCBuildConfiguration;
			buildSettings = {
				ALWAYS_SEARCH_USER_PATHS = NO;
				CLANG_ANALYZER_NONNULL = YES;
				CLANG_ANALYZER_NUMBER_OBJECT_CONVERSION = YES_AGGRESSIVE;
				CLANG_CXX_LANGUAGE_STANDARD = "gnu++17";
				CLANG_CXX_LIBRARY = "libc++";
				CLANG_ENABLE_MODULES = YES;
				CLANG_ENABLE_OBJC_ARC = YES;
				CLANG_ENABLE_OBJC_WEAK = YES;
				CLANG_WARN_BLOCK_CAPTURE_AUTORELEASING = YES;
				CLANG_WARN_BOOL_CONVERSION = YES;
				CLANG_WARN_COMMA = YES;
				CLANG_WARN_CONSTANT_CONVERSION = YES;
				CLANG_WARN_DEPRECATED_OBJC_IMPLEMENTATIONS = YES;
				CLANG_WARN_DIRECT_OBJC_ISA_USAGE = YES_ERROR;
				CLANG_WARN_DOCUMENTATION_COMMENTS = YES;
				CLANG_WARN_EMPTY_BODY = YES;
				CLANG_WARN_ENUM_CONVERSION = YES;
				CLANG_WARN_INFINITE_RECURSION = YES;
				CLANG_WARN_INT_CONVERSION = YES;
				CLANG_WARN_NON_LITERAL_NULL_CONVERSION = YES;
				CLANG_WARN_OBJC_IMPLICIT_RETAIN_SELF = YES;
				CLANG_WARN_OBJC_LITERAL_CONVERSION = YES;
				CLANG_WARN_OBJC_ROOT_CLASS = YES_ERROR;
				CLANG_WARN_QUOTED_INCLUDE_IN_FRAMEWORK_HEADER = YES;
				CLANG_WARN_RANGE_LOOP_ANALYSIS = YES;
				CLANG_WARN_STRICT_PROTOTYPES = YES;
				CLANG_WARN_SUSPICIOUS_MOVE = YES;
				CLANG_WARN_UNGUARDED_AVAILABILITY = YES_AGGRESSIVE;
				CLANG_WARN_UNREACHABLE_CODE = YES;
				CLANG_WARN__DUPLICATE_METHOD_MATCH = YES;
				COPY_PHASE_STRIP = NO;
				DEBUG_INFORMATION_FORMAT = dwarf;
				ENABLE_STRICT_OBJC_MSGSEND = YES;
				ENABLE_TESTABILITY = YES;
				GCC_C_LANGUAGE_STANDARD = gnu11;
				GCC_DYNAMIC_NO_PIC = NO;
				GCC_NO_COMMON_BLOCKS = YES;
				GCC_OPTIMIZATION_LEVEL = 0;
				GCC_PREPROCESSOR_DEFINITIONS = (
					"DEBUG=1",
					"$(inherited)",
				);
				GCC_WARN_64_TO_32_BIT_CONVERSION = YES;
				GCC_WARN_ABOUT_RETURN_TYPE = YES_ERROR;
				GCC_WARN_UNDECLARED_SELECTOR = YES;
				GCC_WARN_UNINITIALIZED_AUTOS = YES_AGGRESSIVE;
				GCC_WARN_UNUSED_FUNCTION = YES;
				GCC_WARN_UNUSED_VARIABLE = YES;
				IPHONEOS_DEPLOYMENT_TARGET = 15.0;
				MTL_ENABLE_DEBUG_INFO = INCLUDE_SOURCE;
				MTL_FAST_MATH = YES;
				ONLY_ACTIVE_ARCH = YES;
				SDKROOT = iphoneos;
				SWIFT_ACTIVE_COMPILATION_CONDITIONS = DEBUG;
				SWIFT_OPTIMIZATION_LEVEL = "-Onone";
			};
			name = Debug;
		};
		9C44321B27694BDE006EA7BA /* Release */ = {
			isa = XCBuildConfiguration;
			buildSettings = {
				ALWAYS_SEARCH_USER_PATHS = NO;
				CLANG_ANALYZER_NONNULL = YES;
				CLANG_ANALYZER_NUMBER_OBJECT_CONVERSION = YES_AGGRESSIVE;
				CLANG_CXX_LANGUAGE_STANDARD = "gnu++17";
				CLANG_CXX_LIBRARY = "libc++";
				CLANG_ENABLE_MODULES = YES;
				CLANG_ENABLE_OBJC_ARC = YES;
				CLANG_ENABLE_OBJC_WEAK = YES;
				CLANG_WARN_BLOCK_CAPTURE_AUTORELEASING = YES;
				CLANG_WARN_BOOL_CONVERSION = YES;
				CLANG_WARN_COMMA = YES;
				CLANG_WARN_CONSTANT_CONVERSION = YES;
				CLANG_WARN_DEPRECATED_OBJC_IMPLEMENTATIONS = YES;
				CLANG_WARN_DIRECT_OBJC_ISA_USAGE = YES_ERROR;
				CLANG_WARN_DOCUMENTATION_COMMENTS = YES;
				CLANG_WARN_EMPTY_BODY = YES;
				CLANG_WARN_ENUM_CONVERSION = YES;
				CLANG_WARN_INFINITE_RECURSION = YES;
				CLANG_WARN_INT_CONVERSION = YES;
				CLANG_WARN_NON_LITERAL_NULL_CONVERSION = YES;
				CLANG_WARN_OBJC_IMPLICIT_RETAIN_SELF = YES;
				CLANG_WARN_OBJC_LITERAL_CONVERSION = YES;
				CLANG_WARN_OBJC_ROOT_CLASS = YES_ERROR;
				CLANG_WARN_QUOTED_INCLUDE_IN_FRAMEWORK_HEADER = YES;
				CLANG_WARN_RANGE_LOOP_ANALYSIS = YES;
				CLANG_WARN_STRICT_PROTOTYPES = YES;
				CLANG_WARN_SUSPICIOUS_MOVE = YES;
				CLANG_WARN_UNGUARDED_AVAILABILITY = YES_AGGRESSIVE;
				CLANG_WARN_UNREACHABLE_CODE = YES;
				CLANG_WARN__DUPLICATE_METHOD_MATCH = YES;
				COPY_PHASE_STRIP = NO;
				DEBUG_INFORMATION_FORMAT = "dwarf-with-dsym";
				ENABLE_NS_ASSERTIONS = NO;
				ENABLE_STRICT_OBJC_MSGSEND = YES;
				GCC_C_LANGUAGE_STANDARD = gnu11;
				GCC_NO_COMMON_BLOCKS = YES;
				GCC_WARN_64_TO_32_BIT_CONVERSION = YES;
				GCC_WARN_ABOUT_RETURN_TYPE = YES_ERROR;
				GCC_WARN_UNDECLARED_SELECTOR = YES;
				GCC_WARN_UNINITIALIZED_AUTOS = YES_AGGRESSIVE;
				GCC_WARN_UNUSED_FUNCTION = YES;
				GCC_WARN_UNUSED_VARIABLE = YES;
				IPHONEOS_DEPLOYMENT_TARGET = 15.0;
				MTL_ENABLE_DEBUG_INFO = NO;
				MTL_FAST_MATH = YES;
				SDKROOT = iphoneos;
				SWIFT_COMPILATION_MODE = wholemodule;
				SWIFT_OPTIMIZATION_LEVEL = "-O";
				VALIDATE_PRODUCT = YES;
			};
			name = Release;
		};
		9C44321D27694BDE006EA7BA /* Debug */ = {
			isa = XCBuildConfiguration;
			baseConfigurationReference = E48B081122C8C89873E3A3A5 /* Pods-uber-clone.debug.xcconfig */;
			buildSettings = {
				ASSETCATALOG_COMPILER_APPICON_NAME = AppIcon;
				ASSETCATALOG_COMPILER_GLOBAL_ACCENT_COLOR_NAME = AccentColor;
				CODE_SIGN_STYLE = Automatic;
				CURRENT_PROJECT_VERSION = 1;
				DEVELOPMENT_TEAM = 4CGJ66G3BY;
				GENERATE_INFOPLIST_FILE = YES;
				INFOPLIST_FILE = "uber-clone/Info.plist";
				INFOPLIST_KEY_UIApplicationSupportsIndirectInputEvents = YES;
				INFOPLIST_KEY_UILaunchStoryboardName = LaunchScreen;
				INFOPLIST_KEY_UIMainStoryboardFile = Main;
				INFOPLIST_KEY_UISupportedInterfaceOrientations_iPad = "UIInterfaceOrientationPortrait UIInterfaceOrientationPortraitUpsideDown UIInterfaceOrientationLandscapeLeft UIInterfaceOrientationLandscapeRight";
				INFOPLIST_KEY_UISupportedInterfaceOrientations_iPhone = "UIInterfaceOrientationPortrait UIInterfaceOrientationLandscapeLeft UIInterfaceOrientationLandscapeRight";
				LD_RUNPATH_SEARCH_PATHS = (
					"$(inherited)",
					"@executable_path/Frameworks",
				);
				MARKETING_VERSION = 1.0;
				PRODUCT_BUNDLE_IDENTIFIER = "Dinara-Zimanova.uber-clone";
				PRODUCT_NAME = "$(TARGET_NAME)";
				SWIFT_EMIT_LOC_STRINGS = YES;
				SWIFT_VERSION = 5.0;
				TARGETED_DEVICE_FAMILY = "1,2";
			};
			name = Debug;
		};
		9C44321E27694BDE006EA7BA /* Release */ = {
			isa = XCBuildConfiguration;
			baseConfigurationReference = CA02BD5E0B2E3F5A57A15385 /* Pods-uber-clone.release.xcconfig */;
			buildSettings = {
				ASSETCATALOG_COMPILER_APPICON_NAME = AppIcon;
				ASSETCATALOG_COMPILER_GLOBAL_ACCENT_COLOR_NAME = AccentColor;
				CODE_SIGN_STYLE = Automatic;
				CURRENT_PROJECT_VERSION = 1;
				DEVELOPMENT_TEAM = 4CGJ66G3BY;
				GENERATE_INFOPLIST_FILE = YES;
				INFOPLIST_FILE = "uber-clone/Info.plist";
				INFOPLIST_KEY_UIApplicationSupportsIndirectInputEvents = YES;
				INFOPLIST_KEY_UILaunchStoryboardName = LaunchScreen;
				INFOPLIST_KEY_UIMainStoryboardFile = Main;
				INFOPLIST_KEY_UISupportedInterfaceOrientations_iPad = "UIInterfaceOrientationPortrait UIInterfaceOrientationPortraitUpsideDown UIInterfaceOrientationLandscapeLeft UIInterfaceOrientationLandscapeRight";
				INFOPLIST_KEY_UISupportedInterfaceOrientations_iPhone = "UIInterfaceOrientationPortrait UIInterfaceOrientationLandscapeLeft UIInterfaceOrientationLandscapeRight";
				LD_RUNPATH_SEARCH_PATHS = (
					"$(inherited)",
					"@executable_path/Frameworks",
				);
				MARKETING_VERSION = 1.0;
				PRODUCT_BUNDLE_IDENTIFIER = "Dinara-Zimanova.uber-clone";
				PRODUCT_NAME = "$(TARGET_NAME)";
				SWIFT_EMIT_LOC_STRINGS = YES;
				SWIFT_VERSION = 5.0;
				TARGETED_DEVICE_FAMILY = "1,2";
			};
			name = Release;
		};
		9C44322027694BDE006EA7BA /* Debug */ = {
			isa = XCBuildConfiguration;
			baseConfigurationReference = DAB17A2D74ECF1CA9902542E /* Pods-uber-cloneTests.debug.xcconfig */;
			buildSettings = {
				ALWAYS_EMBED_SWIFT_STANDARD_LIBRARIES = YES;
				BUNDLE_LOADER = "$(TEST_HOST)";
				CODE_SIGN_STYLE = Automatic;
				CURRENT_PROJECT_VERSION = 1;
				DEVELOPMENT_TEAM = 4CGJ66G3BY;
				GENERATE_INFOPLIST_FILE = YES;
				IPHONEOS_DEPLOYMENT_TARGET = 15.0;
				LD_RUNPATH_SEARCH_PATHS = (
					"$(inherited)",
					"@executable_path/Frameworks",
					"@loader_path/Frameworks",
				);
				MARKETING_VERSION = 1.0;
				PRODUCT_BUNDLE_IDENTIFIER = "Dinara-Zimanova.uber-cloneTests";
				PRODUCT_NAME = "$(TARGET_NAME)";
				SWIFT_EMIT_LOC_STRINGS = NO;
				SWIFT_VERSION = 5.0;
				TARGETED_DEVICE_FAMILY = "1,2";
				TEST_HOST = "$(BUILT_PRODUCTS_DIR)/uber-clone.app/uber-clone";
			};
			name = Debug;
		};
		9C44322127694BDE006EA7BA /* Release */ = {
			isa = XCBuildConfiguration;
			baseConfigurationReference = 7451C2B825EEAC63EBDFD7E2 /* Pods-uber-cloneTests.release.xcconfig */;
			buildSettings = {
				ALWAYS_EMBED_SWIFT_STANDARD_LIBRARIES = YES;
				BUNDLE_LOADER = "$(TEST_HOST)";
				CODE_SIGN_STYLE = Automatic;
				CURRENT_PROJECT_VERSION = 1;
				DEVELOPMENT_TEAM = 4CGJ66G3BY;
				GENERATE_INFOPLIST_FILE = YES;
				IPHONEOS_DEPLOYMENT_TARGET = 15.0;
				LD_RUNPATH_SEARCH_PATHS = (
					"$(inherited)",
					"@executable_path/Frameworks",
					"@loader_path/Frameworks",
				);
				MARKETING_VERSION = 1.0;
				PRODUCT_BUNDLE_IDENTIFIER = "Dinara-Zimanova.uber-cloneTests";
				PRODUCT_NAME = "$(TARGET_NAME)";
				SWIFT_EMIT_LOC_STRINGS = NO;
				SWIFT_VERSION = 5.0;
				TARGETED_DEVICE_FAMILY = "1,2";
				TEST_HOST = "$(BUILT_PRODUCTS_DIR)/uber-clone.app/uber-clone";
			};
			name = Release;
		};
		9C44322327694BDE006EA7BA /* Debug */ = {
			isa = XCBuildConfiguration;
			baseConfigurationReference = EF62FCD3F9BAF9DEBD7B9EB9 /* Pods-uber-clone-uber-cloneUITests.debug.xcconfig */;
			buildSettings = {
				ALWAYS_EMBED_SWIFT_STANDARD_LIBRARIES = YES;
				CODE_SIGN_STYLE = Automatic;
				CURRENT_PROJECT_VERSION = 1;
				DEVELOPMENT_TEAM = 4CGJ66G3BY;
				GENERATE_INFOPLIST_FILE = YES;
				LD_RUNPATH_SEARCH_PATHS = (
					"$(inherited)",
					"@executable_path/Frameworks",
					"@loader_path/Frameworks",
				);
				MARKETING_VERSION = 1.0;
				PRODUCT_BUNDLE_IDENTIFIER = "Dinara-Zimanova.uber-cloneUITests";
				PRODUCT_NAME = "$(TARGET_NAME)";
				SWIFT_EMIT_LOC_STRINGS = NO;
				SWIFT_VERSION = 5.0;
				TARGETED_DEVICE_FAMILY = "1,2";
				TEST_TARGET_NAME = "uber-clone";
			};
			name = Debug;
		};
		9C44322427694BDE006EA7BA /* Release */ = {
			isa = XCBuildConfiguration;
			baseConfigurationReference = 351A0AB3A2646D8B7409B309 /* Pods-uber-clone-uber-cloneUITests.release.xcconfig */;
			buildSettings = {
				ALWAYS_EMBED_SWIFT_STANDARD_LIBRARIES = YES;
				CODE_SIGN_STYLE = Automatic;
				CURRENT_PROJECT_VERSION = 1;
				DEVELOPMENT_TEAM = 4CGJ66G3BY;
				GENERATE_INFOPLIST_FILE = YES;
				LD_RUNPATH_SEARCH_PATHS = (
					"$(inherited)",
					"@executable_path/Frameworks",
					"@loader_path/Frameworks",
				);
				MARKETING_VERSION = 1.0;
				PRODUCT_BUNDLE_IDENTIFIER = "Dinara-Zimanova.uber-cloneUITests";
				PRODUCT_NAME = "$(TARGET_NAME)";
				SWIFT_EMIT_LOC_STRINGS = NO;
				SWIFT_VERSION = 5.0;
				TARGETED_DEVICE_FAMILY = "1,2";
				TEST_TARGET_NAME = "uber-clone";
			};
			name = Release;
		};
/* End XCBuildConfiguration section */

/* Begin XCConfigurationList section */
		9C4431EA27694BDC006EA7BA /* Build configuration list for PBXProject "uber-clone" */ = {
			isa = XCConfigurationList;
			buildConfigurations = (
				9C44321A27694BDE006EA7BA /* Debug */,
				9C44321B27694BDE006EA7BA /* Release */,
			);
			defaultConfigurationIsVisible = 0;
			defaultConfigurationName = Release;
		};
		9C44321C27694BDE006EA7BA /* Build configuration list for PBXNativeTarget "uber-clone" */ = {
			isa = XCConfigurationList;
			buildConfigurations = (
				9C44321D27694BDE006EA7BA /* Debug */,
				9C44321E27694BDE006EA7BA /* Release */,
			);
			defaultConfigurationIsVisible = 0;
			defaultConfigurationName = Release;
		};
		9C44321F27694BDE006EA7BA /* Build configuration list for PBXNativeTarget "uber-cloneTests" */ = {
			isa = XCConfigurationList;
			buildConfigurations = (
				9C44322027694BDE006EA7BA /* Debug */,
				9C44322127694BDE006EA7BA /* Release */,
			);
			defaultConfigurationIsVisible = 0;
			defaultConfigurationName = Release;
		};
		9C44322227694BDE006EA7BA /* Build configuration list for PBXNativeTarget "uber-cloneUITests" */ = {
			isa = XCConfigurationList;
			buildConfigurations = (
				9C44322327694BDE006EA7BA /* Debug */,
				9C44322427694BDE006EA7BA /* Release */,
			);
			defaultConfigurationIsVisible = 0;
			defaultConfigurationName = Release;
		};
/* End XCConfigurationList section */

/* Begin XCVersionGroup section */
		9C4431FB27694BDC006EA7BA /* uber_clone.xcdatamodeld */ = {
			isa = XCVersionGroup;
			children = (
				9C4431FC27694BDC006EA7BA /* uber_clone.xcdatamodel */,
			);
			currentVersion = 9C4431FC27694BDC006EA7BA /* uber_clone.xcdatamodel */;
			path = uber_clone.xcdatamodeld;
			sourceTree = "<group>";
			versionGroupType = wrapper.xcdatamodel;
		};
/* End XCVersionGroup section */
	};
	rootObject = 9C4431E727694BDC006EA7BA /* Project object */;
}
